{"1.1.0",
[{<<"goldrush">>,{pkg,<<"goldrush">>,<<"0.1.9">>},1},
 {<<"lager">>,{pkg,<<"lager">>,<<"3.6.8">>},0},
 {<<"yamerl">>,{pkg,<<"yamerl">>,<<"0.7.0">>},0}]}.
[
{pkg_hash,[
 {<<"goldrush">>, <<"F06E5D5F1277DA5C413E84D5A2924174182FB108DABB39D5EC548B27424CD106">>},
 {<<"lager">>, <<"897EFC7679BB82383448646C96768CDC4E747464DD18B999C7AACA485686B0DA">>},
 {<<"yamerl">>, <<"E51DBA652DCE74C20A88294130B48051EBBBB0BE7D76F22DE064F0F3CCF0AAF5">>}]}
].
